Microsoft Visual Studio Solution File, Format Version 12.00
# Visual Studio Version 17
VisualStudioVersion = 17.5.2.0
MinimumVisualStudioVersion = 10.0.40219.1
Project("{2150E333-8FDC-42A3-9474-1A3956D46DE8}") = "Services", "Services", "{C0F60432-FB6C-46C4-8913-CC3B32C18038}"
EndProject
Project("{2150E333-8FDC-42A3-9474-1A3956D46DE8}") = "Scripts", "Scripts", "{96786CF2-9A5E-4F00-89E9-BC5EBF4D5715}"
	ProjectSection(SolutionItems) = preProject
		Scripts\install-mssql-on-macos.sh = Scripts\install-mssql-on-macos.sh
		Scripts\delete-mssql-containers.sh = Scripts\delete-mssql-containers.sh
	EndProjectSection
EndProject
Project("{2150E333-8FDC-42A3-9474-1A3956D46DE8}") = "Auth", "Auth", "{8FFEEBE5-C295-4E68-ACFD-0F44C7732D15}"
EndProject
Project("{FAE04EC0-301F-11D3-BF4B-00C04F79EFBC}") = "Auth.API", "Services\Auth\Auth.API\Auth.API.csproj", "{5EEAB6E7-FC71-4F5D-B643-B58C34F670FE}"
EndProject
Project("{2150E333-8FDC-42A3-9474-1A3956D46DE8}") = "BuildingBlocks", "BuildingBlocks", "{23D80C89-020D-4507-AED3-36C29515CC5C}"
EndProject
Project("{FAE04EC0-301F-11D3-BF4B-00C04F79EFBC}") = "Common.Logging", "BuildingBlocks\Common.Logging\Common.Logging.csproj", "{F99AAA21-7487-4303-9CE5-176AAD8B531F}"
EndProject
Project("{FAE04EC0-301F-11D3-BF4B-00C04F79EFBC}") = "EventBus.Messages", "BuildingBlocks\EventBus.Messages\EventBus.Messages.csproj", "{2B0C88F2-CCE8-4378-BCA2-D043334125AA}"
EndProject
Project("{FAE04EC0-301F-11D3-BF4B-00C04F79EFBC}") = "Auth.Application", "Services\Auth\Auth.Application\Auth.Application.csproj", "{4F973045-212D-44DA-BBF5-74F8B59555E7}"
EndProject
Project("{FAE04EC0-301F-11D3-BF4B-00C04F79EFBC}") = "Auth.Domain", "Services\Auth\Auth.Domain\Auth.Domain.csproj", "{719CED69-4551-4465-B49F-C5ABD212D1DE}"
EndProject
Project("{FAE04EC0-301F-11D3-BF4B-00C04F79EFBC}") = "Auth.Infrastructure", "Services\Auth\Auth.Infrastructure\Auth.Infrastructure.csproj", "{3A2DFE6B-2CED-4A2F-9503-23818FF7D985}"
EndProject
Project("{FAE04EC0-301F-11D3-BF4B-00C04F79EFBC}") = "Auth.GRPC", "Services\Auth\Auth.GRPC\Auth.GRPC.csproj", "{8232406A-DEC4-4BD3-B308-52277F697851}"
EndProject
Project("{FAE04EC0-301F-11D3-BF4B-00C04F79EFBC}") = "MentorAI.Shared", "MentorAI.Shared\MentorAI.Shared.csproj", "{2B1DBC3C-FC3B-451C-8523-9B466F4D85CC}"
EndProject
Project("{2150E333-8FDC-42A3-9474-1A3956D46DE8}") = "Course", "Course", "{1EBA281E-6346-4C28-AA8D-FE97318A7868}"
EndProject
Project("{FAE04EC0-301F-11D3-BF4B-00C04F79EFBC}") = "Course.API", "Services\Course\Course.API\Course.API.csproj", "{3D383B5E-AD72-472D-BD84-6184CDD398AF}"
EndProject
Project("{FAE04EC0-301F-11D3-BF4B-00C04F79EFBC}") = "Course.Application", "Services\Course\Course.Application\Course.Application.csproj", "{06DED770-42FD-49A4-AFCE-96F39CA89A9F}"
EndProject
Project("{FAE04EC0-301F-11D3-BF4B-00C04F79EFBC}") = "Course.Domain", "Services\Course\Course.Domain\Course.Domain.csproj", "{4B796E0F-EE46-4ACF-B643-70001ECD7DFC}"
EndProject
Project("{FAE04EC0-301F-11D3-BF4B-00C04F79EFBC}") = "Course.Infrastructure", "Services\Course\Course.Infrastructure\Course.Infrastructure.csproj", "{1D86ED45-9D2E-4D8C-9CAD-4008078AC059}"
EndProject
Project("{2150E333-8FDC-42A3-9474-1A3956D46DE8}") = "SubscriptionService", "SubscriptionService", "{A79E70BF-3171-42C1-96BE-318F4E15608F}"
EndProject
Project("{2150E333-8FDC-42A3-9474-1A3956D46DE8}") = "GamificationService", "GamificationService", "{F4999732-2F5A-4385-8B43-113E50A4D299}"
	ProjectSection(SolutionItems) = preProject
		InfrastructureServiceRegistration.cs = InfrastructureServiceRegistration.cs
	EndProjectSection
EndProject
Project("{FAE04EC0-301F-11D3-BF4B-00C04F79EFBC}") = "Gamification.API", "Services\GamificationService\Gamification.API\Gamification.API.csproj", "{C37B5E2E-58B6-47DF-8A94-C8A95CD07002}"
EndProject
Project("{FAE04EC0-301F-11D3-BF4B-00C04F79EFBC}") = "Subscription.API", "Services\SubscriptionService\Subscription.API\Subscription.API.csproj", "{41F2E4CF-08D6-4733-9E44-507305E7A821}"
EndProject
Project("{FAE04EC0-301F-11D3-BF4B-00C04F79EFBC}") = "Gamification.Application", "Services\GamificationService\Gamification.Application\Gamification.Application.csproj", "{5E6FCABE-7C05-45C3-9DC9-3475A13A975C}"
EndProject
Project("{FAE04EC0-301F-11D3-BF4B-00C04F79EFBC}") = "Gamification.Domain", "Services\GamificationService\Gamification.Domain\Gamification.Domain.csproj", "{4111C936-D499-4FDE-AFE9-89B8B7D22F24}"
EndProject
Project("{FAE04EC0-301F-11D3-BF4B-00C04F79EFBC}") = "Gamification.Infrastructure", "Services\GamificationService\Gamification.Infrastructure\Gamification.Infrastructure.csproj", "{035AEC46-14BD-4342-A3AC-538693BE5413}"
EndProject
Project("{FAE04EC0-301F-11D3-BF4B-00C04F79EFBC}") = "Subscription.Application", "Services\SubscriptionService\Subscription.Application\Subscription.Application.csproj", "{AF66D86F-346C-4719-95AD-FBFD34D2BD58}"
EndProject
Project("{FAE04EC0-301F-11D3-BF4B-00C04F79EFBC}") = "Subscription.Domain", "Services\SubscriptionService\Subscription.Domain\Subscription.Domain.csproj", "{E0BFFED4-9AF7-4716-B11B-3B098C5E97BA}"
EndProject
Project("{FAE04EC0-301F-11D3-BF4B-00C04F79EFBC}") = "Subscription.Infrastructure", "Services\SubscriptionService\Subscription.Infrastructure\Subscription.Infrastructure.csproj", "{262B32E5-88C2-4B31-A9E4-AAE7A0378F09}"
EndProject
Global
	GlobalSection(SolutionConfigurationPlatforms) = preSolution
		Debug|Any CPU = Debug|Any CPU
		Release|Any CPU = Release|Any CPU
	EndGlobalSection
	GlobalSection(ProjectConfigurationPlatforms) = postSolution
		{5EEAB6E7-FC71-4F5D-B643-B58C34F670FE}.Debug|Any CPU.ActiveCfg = Debug|Any CPU
		{5EEAB6E7-FC71-4F5D-B643-B58C34F670FE}.Debug|Any CPU.Build.0 = Debug|Any CPU
		{5EEAB6E7-FC71-4F5D-B643-B58C34F670FE}.Release|Any CPU.ActiveCfg = Release|Any CPU
		{5EEAB6E7-FC71-4F5D-B643-B58C34F670FE}.Release|Any CPU.Build.0 = Release|Any CPU
		{F99AAA21-7487-4303-9CE5-176AAD8B531F}.Debug|Any CPU.ActiveCfg = Debug|Any CPU
		{F99AAA21-7487-4303-9CE5-176AAD8B531F}.Debug|Any CPU.Build.0 = Debug|Any CPU
		{F99AAA21-7487-4303-9CE5-176AAD8B531F}.Release|Any CPU.ActiveCfg = Release|Any CPU
		{F99AAA21-7487-4303-9CE5-176AAD8B531F}.Release|Any CPU.Build.0 = Release|Any CPU
		{2B0C88F2-CCE8-4378-BCA2-D043334125AA}.Debug|Any CPU.ActiveCfg = Debug|Any CPU
		{2B0C88F2-CCE8-4378-BCA2-D043334125AA}.Debug|Any CPU.Build.0 = Debug|Any CPU
		{2B0C88F2-CCE8-4378-BCA2-D043334125AA}.Release|Any CPU.ActiveCfg = Release|Any CPU
		{2B0C88F2-CCE8-4378-BCA2-D043334125AA}.Release|Any CPU.Build.0 = Release|Any CPU
		{4F973045-212D-44DA-BBF5-74F8B59555E7}.Debug|Any CPU.ActiveCfg = Debug|Any CPU
		{4F973045-212D-44DA-BBF5-74F8B59555E7}.Debug|Any CPU.Build.0 = Debug|Any CPU
		{4F973045-212D-44DA-BBF5-74F8B59555E7}.Release|Any CPU.ActiveCfg = Release|Any CPU
		{4F973045-212D-44DA-BBF5-74F8B59555E7}.Release|Any CPU.Build.0 = Release|Any CPU
		{719CED69-4551-4465-B49F-C5ABD212D1DE}.Debug|Any CPU.ActiveCfg = Debug|Any CPU
		{719CED69-4551-4465-B49F-C5ABD212D1DE}.Debug|Any CPU.Build.0 = Debug|Any CPU
		{719CED69-4551-4465-B49F-C5ABD212D1DE}.Release|Any CPU.ActiveCfg = Release|Any CPU
		{719CED69-4551-4465-B49F-C5ABD212D1DE}.Release|Any CPU.Build.0 = Release|Any CPU
		{3A2DFE6B-2CED-4A2F-9503-23818FF7D985}.Debug|Any CPU.ActiveCfg = Debug|Any CPU
		{3A2DFE6B-2CED-4A2F-9503-23818FF7D985}.Debug|Any CPU.Build.0 = Debug|Any CPU
		{3A2DFE6B-2CED-4A2F-9503-23818FF7D985}.Release|Any CPU.ActiveCfg = Release|Any CPU
		{3A2DFE6B-2CED-4A2F-9503-23818FF7D985}.Release|Any CPU.Build.0 = Release|Any CPU
		{2B1DBC3C-FC3B-451C-8523-9B466F4D85CC}.Debug|Any CPU.ActiveCfg = Debug|Any CPU
		{2B1DBC3C-FC3B-451C-8523-9B466F4D85CC}.Debug|Any CPU.Build.0 = Debug|Any CPU
		{2B1DBC3C-FC3B-451C-8523-9B466F4D85CC}.Release|Any CPU.ActiveCfg = Release|Any CPU
		{2B1DBC3C-FC3B-451C-8523-9B466F4D85CC}.Release|Any CPU.Build.0 = Release|Any CPU
		{3D383B5E-AD72-472D-BD84-6184CDD398AF}.Debug|Any CPU.ActiveCfg = Debug|Any CPU
		{3D383B5E-AD72-472D-BD84-6184CDD398AF}.Debug|Any CPU.Build.0 = Debug|Any CPU
		{3D383B5E-AD72-472D-BD84-6184CDD398AF}.Release|Any CPU.ActiveCfg = Release|Any CPU
		{3D383B5E-AD72-472D-BD84-6184CDD398AF}.Release|Any CPU.Build.0 = Release|Any CPU
		{06DED770-42FD-49A4-AFCE-96F39CA89A9F}.Debug|Any CPU.ActiveCfg = Debug|Any CPU
		{06DED770-42FD-49A4-AFCE-96F39CA89A9F}.Debug|Any CPU.Build.0 = Debug|Any CPU
		{06DED770-42FD-49A4-AFCE-96F39CA89A9F}.Release|Any CPU.ActiveCfg = Release|Any CPU
		{06DED770-42FD-49A4-AFCE-96F39CA89A9F}.Release|Any CPU.Build.0 = Release|Any CPU
		{4B796E0F-EE46-4ACF-B643-70001ECD7DFC}.Debug|Any CPU.ActiveCfg = Debug|Any CPU
		{4B796E0F-EE46-4ACF-B643-70001ECD7DFC}.Debug|Any CPU.Build.0 = Debug|Any CPU
		{4B796E0F-EE46-4ACF-B643-70001ECD7DFC}.Release|Any CPU.ActiveCfg = Release|Any CPU
		{4B796E0F-EE46-4ACF-B643-70001ECD7DFC}.Release|Any CPU.Build.0 = Release|Any CPU
		{1D86ED45-9D2E-4D8C-9CAD-4008078AC059}.Debug|Any CPU.ActiveCfg = Debug|Any CPU
		{1D86ED45-9D2E-4D8C-9CAD-4008078AC059}.Debug|Any CPU.Build.0 = Debug|Any CPU
		{1D86ED45-9D2E-4D8C-9CAD-4008078AC059}.Release|Any CPU.ActiveCfg = Release|Any CPU
		{1D86ED45-9D2E-4D8C-9CAD-4008078AC059}.Release|Any CPU.Build.0 = Release|Any CPU
		{C37B5E2E-58B6-47DF-8A94-C8A95CD07002}.Debug|Any CPU.ActiveCfg = Debug|Any CPU
		{C37B5E2E-58B6-47DF-8A94-C8A95CD07002}.Debug|Any CPU.Build.0 = Debug|Any CPU
		{C37B5E2E-58B6-47DF-8A94-C8A95CD07002}.Release|Any CPU.ActiveCfg = Release|Any CPU
		{C37B5E2E-58B6-47DF-8A94-C8A95CD07002}.Release|Any CPU.Build.0 = Release|Any CPU
		{41F2E4CF-08D6-4733-9E44-507305E7A821}.Debug|Any CPU.ActiveCfg = Debug|Any CPU
		{41F2E4CF-08D6-4733-9E44-507305E7A821}.Debug|Any CPU.Build.0 = Debug|Any CPU
		{41F2E4CF-08D6-4733-9E44-507305E7A821}.Release|Any CPU.ActiveCfg = Release|Any CPU
		{41F2E4CF-08D6-4733-9E44-507305E7A821}.Release|Any CPU.Build.0 = Release|Any CPU
		{5E6FCABE-7C05-45C3-9DC9-3475A13A975C}.Debug|Any CPU.ActiveCfg = Debug|Any CPU
		{5E6FCABE-7C05-45C3-9DC9-3475A13A975C}.Debug|Any CPU.Build.0 = Debug|Any CPU
		{5E6FCABE-7C05-45C3-9DC9-3475A13A975C}.Release|Any CPU.ActiveCfg = Release|Any CPU
		{5E6FCABE-7C05-45C3-9DC9-3475A13A975C}.Release|Any CPU.Build.0 = Release|Any CPU
		{4111C936-D499-4FDE-AFE9-89B8B7D22F24}.Debug|Any CPU.ActiveCfg = Debug|Any CPU
		{4111C936-D499-4FDE-AFE9-89B8B7D22F24}.Debug|Any CPU.Build.0 = Debug|Any CPU
		{4111C936-D499-4FDE-AFE9-89B8B7D22F24}.Release|Any CPU.ActiveCfg = Release|Any CPU
		{4111C936-D499-4FDE-AFE9-89B8B7D22F24}.Release|Any CPU.Build.0 = Release|Any CPU
		{035AEC46-14BD-4342-A3AC-538693BE5413}.Debug|Any CPU.ActiveCfg = Debug|Any CPU
		{035AEC46-14BD-4342-A3AC-538693BE5413}.Debug|Any CPU.Build.0 = Debug|Any CPU
		{035AEC46-14BD-4342-A3AC-538693BE5413}.Release|Any CPU.ActiveCfg = Release|Any CPU
		{035AEC46-14BD-4342-A3AC-538693BE5413}.Release|Any CPU.Build.0 = Release|Any CPU
		{AF66D86F-346C-4719-95AD-FBFD34D2BD58}.Debug|Any CPU.ActiveCfg = Debug|Any CPU
		{AF66D86F-346C-4719-95AD-FBFD34D2BD58}.Debug|Any CPU.Build.0 = Debug|Any CPU
		{AF66D86F-346C-4719-95AD-FBFD34D2BD58}.Release|Any CPU.ActiveCfg = Release|Any CPU
		{AF66D86F-346C-4719-95AD-FBFD34D2BD58}.Release|Any CPU.Build.0 = Release|Any CPU
		{E0BFFED4-9AF7-4716-B11B-3B098C5E97BA}.Debug|Any CPU.ActiveCfg = Debug|Any CPU
		{E0BFFED4-9AF7-4716-B11B-3B098C5E97BA}.Debug|Any CPU.Build.0 = Debug|Any CPU
		{E0BFFED4-9AF7-4716-B11B-3B098C5E97BA}.Release|Any CPU.ActiveCfg = Release|Any CPU
		{E0BFFED4-9AF7-4716-B11B-3B098C5E97BA}.Release|Any CPU.Build.0 = Release|Any CPU
		{262B32E5-88C2-4B31-A9E4-AAE7A0378F09}.Debug|Any CPU.ActiveCfg = Debug|Any CPU
		{262B32E5-88C2-4B31-A9E4-AAE7A0378F09}.Debug|Any CPU.Build.0 = Debug|Any CPU
		{262B32E5-88C2-4B31-A9E4-AAE7A0378F09}.Release|Any CPU.ActiveCfg = Release|Any CPU
		{262B32E5-88C2-4B31-A9E4-AAE7A0378F09}.Release|Any CPU.Build.0 = Release|Any CPU
		{8232406A-DEC4-4BD3-B308-52277F697851}.Debug|Any CPU.ActiveCfg = Debug|Any CPU
		{8232406A-DEC4-4BD3-B308-52277F697851}.Debug|Any CPU.Build.0 = Debug|Any CPU
		{8232406A-DEC4-4BD3-B308-52277F697851}.Release|Any CPU.ActiveCfg = Release|Any CPU
		{8232406A-DEC4-4BD3-B308-52277F697851}.Release|Any CPU.Build.0 = Release|Any CPU
	EndGlobalSection
	GlobalSection(SolutionProperties) = preSolution
		HideSolutionNode = FALSE
	EndGlobalSection
	GlobalSection(ExtensibilityGlobals) = postSolution
		SolutionGuid = {997D0DBE-07F1-437F-9A3E-67A5851EC48D}
	EndGlobalSection
	GlobalSection(NestedProjects) = preSolution
		{8FFEEBE5-C295-4E68-ACFD-0F44C7732D15} = {C0F60432-FB6C-46C4-8913-CC3B32C18038}
		{5EEAB6E7-FC71-4F5D-B643-B58C34F670FE} = {8FFEEBE5-C295-4E68-ACFD-0F44C7732D15}
		{F99AAA21-7487-4303-9CE5-176AAD8B531F} = {23D80C89-020D-4507-AED3-36C29515CC5C}
		{2B0C88F2-CCE8-4378-BCA2-D043334125AA} = {23D80C89-020D-4507-AED3-36C29515CC5C}
		{719CED69-4551-4465-B49F-C5ABD212D1DE} = {8FFEEBE5-C295-4E68-ACFD-0F44C7732D15}
		{3A2DFE6B-2CED-4A2F-9503-23818FF7D985} = {8FFEEBE5-C295-4E68-ACFD-0F44C7732D15}
		{4F973045-212D-44DA-BBF5-74F8B59555E7} = {8FFEEBE5-C295-4E68-ACFD-0F44C7732D15}
		{1EBA281E-6346-4C28-AA8D-FE97318A7868} = {C0F60432-FB6C-46C4-8913-CC3B32C18038}
		{3D383B5E-AD72-472D-BD84-6184CDD398AF} = {1EBA281E-6346-4C28-AA8D-FE97318A7868}
		{06DED770-42FD-49A4-AFCE-96F39CA89A9F} = {1EBA281E-6346-4C28-AA8D-FE97318A7868}
		{4B796E0F-EE46-4ACF-B643-70001ECD7DFC} = {1EBA281E-6346-4C28-AA8D-FE97318A7868}
		{1D86ED45-9D2E-4D8C-9CAD-4008078AC059} = {1EBA281E-6346-4C28-AA8D-FE97318A7868}
		{A79E70BF-3171-42C1-96BE-318F4E15608F} = {C0F60432-FB6C-46C4-8913-CC3B32C18038}
		{F4999732-2F5A-4385-8B43-113E50A4D299} = {C0F60432-FB6C-46C4-8913-CC3B32C18038}
		{C37B5E2E-58B6-47DF-8A94-C8A95CD07002} = {F4999732-2F5A-4385-8B43-113E50A4D299}
		{41F2E4CF-08D6-4733-9E44-507305E7A821} = {A79E70BF-3171-42C1-96BE-318F4E15608F}
		{5E6FCABE-7C05-45C3-9DC9-3475A13A975C} = {F4999732-2F5A-4385-8B43-113E50A4D299}
		{4111C936-D499-4FDE-AFE9-89B8B7D22F24} = {F4999732-2F5A-4385-8B43-113E50A4D299}
		{035AEC46-14BD-4342-A3AC-538693BE5413} = {F4999732-2F5A-4385-8B43-113E50A4D299}
		{AF66D86F-346C-4719-95AD-FBFD34D2BD58} = {A79E70BF-3171-42C1-96BE-318F4E15608F}
		{E0BFFED4-9AF7-4716-B11B-3B098C5E97BA} = {A79E70BF-3171-42C1-96BE-318F4E15608F}
		{262B32E5-88C2-4B31-A9E4-AAE7A0378F09} = {A79E70BF-3171-42C1-96BE-318F4E15608F}
		{8232406A-DEC4-4BD3-B308-52277F697851} = {8FFEEBE5-C295-4E68-ACFD-0F44C7732D15}
	EndGlobalSection
EndGlobal
